
Microsoft Visual Studio Solution File, Format Version 12.00
# Visual Studio Version 17
VisualStudioVersion = 17.2.32516.85
MinimumVisualStudioVersion = 10.0.40219.1
Project("{8BC9CEB8-8B4A-11D0-8D11-00A0C91BC942}") = "ServerNP", "ServerNP\ServerNP.vcxproj", "{13587241-DFFC-4FC0-9F6A-D50EE6BF1A49}"
EndProject
Project("{8BC9CEB8-8B4A-11D0-8D11-00A0C91BC942}") = "ClientNP", "ClientNP\ClientNP.vcxproj", "{5E586086-9046-4391-9E49-3EFF7E7CCD26}"
EndProject
Project("{8BC9CEB8-8B4A-11D0-8D11-00A0C91BC942}") = "ClientNPt", "ClientNPt\ClientNPt.vcxproj", "{70521B4E-FF2D-4540-83AF-6E71E1FAE651}"
EndProject
Project("{8BC9CEB8-8B4A-11D0-8D11-00A0C91BC942}") = "ClientNPct", "ClientNPct\ClientNPct.vcxproj", "{6415BACA-C2AC-431C-87EC-963D1503FCF6}"
EndProject
Global
	GlobalSection(SolutionConfigurationPlatforms) = preSolution
		Debug|x64 = Debug|x64
		Debug|x86 = Debug|x86
		Release|x64 = Release|x64
		Release|x86 = Release|x86
	EndGlobalSection
	GlobalSection(ProjectConfigurationPlatforms) = postSolution
		{13587241-DFFC-4FC0-9F6A-D50EE6BF1A49}.Debug|x64.ActiveCfg = Debug|x64
		{13587241-DFFC-4FC0-9F6A-D50EE6BF1A49}.Debug|x64.Build.0 = Debug|x64
		{13587241-DFFC-4FC0-9F6A-D50EE6BF1A49}.Debug|x86.ActiveCfg = Debug|Win32
		{13587241-DFFC-4FC0-9F6A-D50EE6BF1A49}.Debug|x86.Build.0 = Debug|Win32
		{13587241-DFFC-4FC0-9F6A-D50EE6BF1A49}.Release|x64.ActiveCfg = Release|x64
		{13587241-DFFC-4FC0-9F6A-D50EE6BF1A49}.Release|x64.Build.0 = Release|x64
		{13587241-DFFC-4FC0-9F6A-D50EE6BF1A49}.Release|x86.ActiveCfg = Release|Win32
		{13587241-DFFC-4FC0-9F6A-D50EE6BF1A49}.Release|x86.Build.0 = Release|Win32
		{5E586086-9046-4391-9E49-3EFF7E7CCD26}.Debug|x64.ActiveCfg = Debug|x64
		{5E586086-9046-4391-9E49-3EFF7E7CCD26}.Debug|x64.Build.0 = Debug|x64
		{5E586086-9046-4391-9E49-3EFF7E7CCD26}.Debug|x86.ActiveCfg = Debug|Win32
		{5E586086-9046-4391-9E49-3EFF7E7CCD26}.Debug|x86.Build.0 = Debug|Win32
		{5E586086-9046-4391-9E49-3EFF7E7CCD26}.Release|x64.ActiveCfg = Release|x64
		{5E586086-9046-4391-9E49-3EFF7E7CCD26}.Release|x64.Build.0 = Release|x64
		{5E586086-9046-4391-9E49-3EFF7E7CCD26}.Release|x86.ActiveCfg = Release|Win32
		{5E586086-9046-4391-9E49-3EFF7E7CCD26}.Release|x86.Build.0 = Release|Win32
		{70521B4E-FF2D-4540-83AF-6E71E1FAE651}.Debug|x64.ActiveCfg = Debug|x64
		{70521B4E-FF2D-4540-83AF-6E71E1FAE651}.Debug|x64.Build.0 = Debug|x64
		{70521B4E-FF2D-4540-83AF-6E71E1FAE651}.Debug|x86.ActiveCfg = Debug|Win32
		{70521B4E-FF2D-4540-83AF-6E71E1FAE651}.Debug|x86.Build.0 = Debug|Win32
		{70521B4E-FF2D-4540-83AF-6E71E1FAE651}.Release|x64.ActiveCfg = Release|x64
		{70521B4E-FF2D-4540-83AF-6E71E1FAE651}.Release|x64.Build.0 = Release|x64
		{70521B4E-FF2D-4540-83AF-6E71E1FAE651}.Release|x86.ActiveCfg = Release|Win32
		{70521B4E-FF2D-4540-83AF-6E71E1FAE651}.Release|x86.Build.0 = Release|Win32
		{6415BACA-C2AC-431C-87EC-963D1503FCF6}.Debug|x64.ActiveCfg = Debug|x64
		{6415BACA-C2AC-431C-87EC-963D1503FCF6}.Debug|x64.Build.0 = Debug|x64
		{6415BACA-C2AC-431C-87EC-963D1503FCF6}.Debug|x86.ActiveCfg = Debug|Win32
		{6415BACA-C2AC-431C-87EC-963D1503FCF6}.Debug|x86.Build.0 = Debug|Win32
		{6415BACA-C2AC-431C-87EC-963D1503FCF6}.Release|x64.ActiveCfg = Release|x64
		{6415BACA-C2AC-431C-87EC-963D1503FCF6}.Release|x64.Build.0 = Release|x64
		{6415BACA-C2AC-431C-87EC-963D1503FCF6}.Release|x86.ActiveCfg = Release|Win32
		{6415BACA-C2AC-431C-87EC-963D1503FCF6}.Release|x86.Build.0 = Release|Win32
	EndGlobalSection
	GlobalSection(SolutionProperties) = preSolution
		HideSolutionNode = FALSE
	EndGlobalSection
	GlobalSection(ExtensibilityGlobals) = postSolution
		SolutionGuid = {A456A090-CE32-4057-9D6B-1123136A8060}
	EndGlobalSection
EndGlobal
